
Microsoft Visual Studio Solution File, Format Version 12.00
# Visual Studio Version 17
VisualStudioVersion = 17.2.32526.322
MinimumVisualStudioVersion = 10.0.40219.1
Project("{2150E333-8FDC-42A3-9474-1A3956D46DE8}") = "Document", "Document", "{FF86797B-C627-4904-867D-C33F709B5FC0}"
EndProject
Project("{2150E333-8FDC-42A3-9474-1A3956D46DE8}") = "Source", "Source", "{90D64278-F79B-46ED-98C7-8A035B4E974C}"
EndProject
Project("{2150E333-8FDC-42A3-9474-1A3956D46DE8}") = "Test", "Test", "{6A15ABA1-CE15-4530-AAFD-F4845F823C34}"
EndProject
Project("{2150E333-8FDC-42A3-9474-1A3956D46DE8}") = "Core", "Core", "{9B5B9FEB-28BA-4101-97B6-4A051F3717B5}"
EndProject
Project("{2150E333-8FDC-42A3-9474-1A3956D46DE8}") = "Insfracture", "Insfracture", "{DA596D36-0D3E-499E-9E45-72763AB41573}"
EndProject
Project("{2150E333-8FDC-42A3-9474-1A3956D46DE8}") = "Common", "Common", "{7DC64277-0EE2-499E-B16A-CA44C9DF132D}"
EndProject
Project("{2150E333-8FDC-42A3-9474-1A3956D46DE8}") = "Presentation", "Presentation", "{B6CAF1DC-92DF-4B29-9879-C0EB0236BEAC}"
EndProject
Project("{9A19103F-16F7-4668-BE54-9A1E7A4F7556}") = "Store.Domain", "Store.Domain\Store.Domain.csproj", "{C24798FF-0C3E-4EBF-B70F-629FBE0070BC}"
EndProject
Project("{9A19103F-16F7-4668-BE54-9A1E7A4F7556}") = "Store.Application", "Store.Application\Store.Application.csproj", "{58142A80-9CB8-4A71-9206-D25459DE41CE}"
EndProject
Project("{9A19103F-16F7-4668-BE54-9A1E7A4F7556}") = "Store.Insfracture", "Store.Insfracture\Store.Insfracture.csproj", "{1DD8F8E4-64F8-434D-89A6-8FE2DA6C29B3}"
EndProject
Project("{9A19103F-16F7-4668-BE54-9A1E7A4F7556}") = "Store.Persistance", "Store.Persistance\Store.Persistance.csproj", "{316D44A7-764E-45D0-A50A-8D7AE8A4ACD5}"
EndProject
Project("{9A19103F-16F7-4668-BE54-9A1E7A4F7556}") = "Sotre.Common", "Sotre.Common\Sotre.Common.csproj", "{EB16F750-0AED-4202-BC58-14648C83F806}"
EndProject
Project("{FAE04EC0-301F-11D3-BF4B-00C04F79EFBC}") = "Store.Clinets", "Store.Clinets\Store.Clinets.csproj", "{FA799BED-D26E-4416-A3D4-F708DA0AB306}"
EndProject
Global
	GlobalSection(SolutionConfigurationPlatforms) = preSolution
		Debug|Any CPU = Debug|Any CPU
		Release|Any CPU = Release|Any CPU
	EndGlobalSection
	GlobalSection(ProjectConfigurationPlatforms) = postSolution
		{C24798FF-0C3E-4EBF-B70F-629FBE0070BC}.Debug|Any CPU.ActiveCfg = Debug|Any CPU
		{C24798FF-0C3E-4EBF-B70F-629FBE0070BC}.Debug|Any CPU.Build.0 = Debug|Any CPU
		{C24798FF-0C3E-4EBF-B70F-629FBE0070BC}.Release|Any CPU.ActiveCfg = Release|Any CPU
		{C24798FF-0C3E-4EBF-B70F-629FBE0070BC}.Release|Any CPU.Build.0 = Release|Any CPU
		{58142A80-9CB8-4A71-9206-D25459DE41CE}.Debug|Any CPU.ActiveCfg = Debug|Any CPU
		{58142A80-9CB8-4A71-9206-D25459DE41CE}.Debug|Any CPU.Build.0 = Debug|Any CPU
		{58142A80-9CB8-4A71-9206-D25459DE41CE}.Release|Any CPU.ActiveCfg = Release|Any CPU
		{58142A80-9CB8-4A71-9206-D25459DE41CE}.Release|Any CPU.Build.0 = Release|Any CPU
		{1DD8F8E4-64F8-434D-89A6-8FE2DA6C29B3}.Debug|Any CPU.ActiveCfg = Debug|Any CPU
		{1DD8F8E4-64F8-434D-89A6-8FE2DA6C29B3}.Debug|Any CPU.Build.0 = Debug|Any CPU
		{1DD8F8E4-64F8-434D-89A6-8FE2DA6C29B3}.Release|Any CPU.ActiveCfg = Release|Any CPU
		{1DD8F8E4-64F8-434D-89A6-8FE2DA6C29B3}.Release|Any CPU.Build.0 = Release|Any CPU
		{316D44A7-764E-45D0-A50A-8D7AE8A4ACD5}.Debug|Any CPU.ActiveCfg = Debug|Any CPU
		{316D44A7-764E-45D0-A50A-8D7AE8A4ACD5}.Debug|Any CPU.Build.0 = Debug|Any CPU
		{316D44A7-764E-45D0-A50A-8D7AE8A4ACD5}.Release|Any CPU.ActiveCfg = Release|Any CPU
		{316D44A7-764E-45D0-A50A-8D7AE8A4ACD5}.Release|Any CPU.Build.0 = Release|Any CPU
		{EB16F750-0AED-4202-BC58-14648C83F806}.Debug|Any CPU.ActiveCfg = Debug|Any CPU
		{EB16F750-0AED-4202-BC58-14648C83F806}.Debug|Any CPU.Build.0 = Debug|Any CPU
		{EB16F750-0AED-4202-BC58-14648C83F806}.Release|Any CPU.ActiveCfg = Release|Any CPU
		{EB16F750-0AED-4202-BC58-14648C83F806}.Release|Any CPU.Build.0 = Release|Any CPU
		{FA799BED-D26E-4416-A3D4-F708DA0AB306}.Debug|Any CPU.ActiveCfg = Debug|Any CPU
		{FA799BED-D26E-4416-A3D4-F708DA0AB306}.Debug|Any CPU.Build.0 = Debug|Any CPU
		{FA799BED-D26E-4416-A3D4-F708DA0AB306}.Release|Any CPU.ActiveCfg = Release|Any CPU
		{FA799BED-D26E-4416-A3D4-F708DA0AB306}.Release|Any CPU.Build.0 = Release|Any CPU
	EndGlobalSection
	GlobalSection(SolutionProperties) = preSolution
		HideSolutionNode = FALSE
	EndGlobalSection
	GlobalSection(NestedProjects) = preSolution
		{9B5B9FEB-28BA-4101-97B6-4A051F3717B5} = {90D64278-F79B-46ED-98C7-8A035B4E974C}
		{DA596D36-0D3E-499E-9E45-72763AB41573} = {90D64278-F79B-46ED-98C7-8A035B4E974C}
		{7DC64277-0EE2-499E-B16A-CA44C9DF132D} = {90D64278-F79B-46ED-98C7-8A035B4E974C}
		{B6CAF1DC-92DF-4B29-9879-C0EB0236BEAC} = {90D64278-F79B-46ED-98C7-8A035B4E974C}
		{C24798FF-0C3E-4EBF-B70F-629FBE0070BC} = {9B5B9FEB-28BA-4101-97B6-4A051F3717B5}
		{58142A80-9CB8-4A71-9206-D25459DE41CE} = {9B5B9FEB-28BA-4101-97B6-4A051F3717B5}
		{1DD8F8E4-64F8-434D-89A6-8FE2DA6C29B3} = {DA596D36-0D3E-499E-9E45-72763AB41573}
		{316D44A7-764E-45D0-A50A-8D7AE8A4ACD5} = {DA596D36-0D3E-499E-9E45-72763AB41573}
		{EB16F750-0AED-4202-BC58-14648C83F806} = {7DC64277-0EE2-499E-B16A-CA44C9DF132D}
		{FA799BED-D26E-4416-A3D4-F708DA0AB306} = {B6CAF1DC-92DF-4B29-9879-C0EB0236BEAC}
	EndGlobalSection
	GlobalSection(ExtensibilityGlobals) = postSolution
		SolutionGuid = {D754A9F8-CE74-4BD0-8BB2-9B3D39CC78FB}
	EndGlobalSection
EndGlobal
